
Microsoft Visual Studio Solution File, Format Version 12.00
# Visual Studio Version 16
VisualStudioVersion = 16.0.30611.23
MinimumVisualStudioVersion = 10.0.40219.1
Project("{FAE04EC0-301F-11D3-BF4B-00C04F79EFBC}") = "ConsoleApp2", "ConsoleApp2\ConsoleApp2.csproj", "{1415A92C-DDD0-4D4F-B017-D98C6811B096}"
EndProject
Global
	GlobalSection(SolutionConfigurationPlatforms) = preSolution
		Debug|Any CPU = Debug|Any CPU
		Release|Any CPU = Release|Any CPU
	EndGlobalSection
	GlobalSection(ProjectConfigurationPlatforms) = postSolution
		{1415A92C-DDD0-4D4F-B017-D98C6811B096}.Debug|Any CPU.ActiveCfg = Debug|Any CPU
		{1415A92C-DDD0-4D4F-B017-D98C6811B096}.Debug|Any CPU.Build.0 = Debug|Any CPU
		{1415A92C-DDD0-4D4F-B017-D98C6811B096}.Release|Any CPU.ActiveCfg = Release|Any CPU
		{1415A92C-DDD0-4D4F-B017-D98C6811B096}.Release|Any CPU.Build.0 = Release|Any CPU
	EndGlobalSection
	GlobalSection(SolutionProperties) = preSolution
		HideSolutionNode = FALSE
	EndGlobalSection
	GlobalSection(ExtensibilityGlobals) = postSolution
		SolutionGuid = {0F80FC49-766B-4EA4-8362-8D7BF681E0F9}
	EndGlobalSection
EndGlobal
