
Microsoft Visual Studio Solution File, Format Version 12.00
# Visual Studio Version 16
VisualStudioVersion = 16.0.30611.23
MinimumVisualStudioVersion = 10.0.40219.1
Project("{FAE04EC0-301F-11D3-BF4B-00C04F79EFBC}") = "task8-1", "task8-1\task8-1.csproj", "{4FD259B3-B6C7-4994-8903-30B00D2E7CFC}"
EndProject
Global
	GlobalSection(SolutionConfigurationPlatforms) = preSolution
		Debug|Any CPU = Debug|Any CPU
		Release|Any CPU = Release|Any CPU
	EndGlobalSection
	GlobalSection(ProjectConfigurationPlatforms) = postSolution
		{4FD259B3-B6C7-4994-8903-30B00D2E7CFC}.Debug|Any CPU.ActiveCfg = Debug|Any CPU
		{4FD259B3-B6C7-4994-8903-30B00D2E7CFC}.Debug|Any CPU.Build.0 = Debug|Any CPU
		{4FD259B3-B6C7-4994-8903-30B00D2E7CFC}.Release|Any CPU.ActiveCfg = Release|Any CPU
		{4FD259B3-B6C7-4994-8903-30B00D2E7CFC}.Release|Any CPU.Build.0 = Release|Any CPU
	EndGlobalSection
	GlobalSection(SolutionProperties) = preSolution
		HideSolutionNode = FALSE
	EndGlobalSection
	GlobalSection(ExtensibilityGlobals) = postSolution
		SolutionGuid = {AEFB0ADD-BD58-4F15-8B0C-96C6BBB967A8}
	EndGlobalSection
EndGlobal
